
Microsoft Visual Studio Solution File, Format Version 12.00
# Visual Studio 2012
Project("{FAE04EC0-301F-11D3-BF4B-00C04F79EFBC}") = "StringsProcessing", "StringsProcessing\StringsProcessing.csproj", "{EE69399D-CE58-4170-8B25-44BA4236AD72}"
EndProject
Global
	GlobalSection(SolutionConfigurationPlatforms) = preSolution
		Debug|x86 = Debug|x86
		Release|x86 = Release|x86
	EndGlobalSection
	GlobalSection(ProjectConfigurationPlatforms) = postSolution
		{EE69399D-CE58-4170-8B25-44BA4236AD72}.Debug|x86.ActiveCfg = Debug|x86
		{EE69399D-CE58-4170-8B25-44BA4236AD72}.Debug|x86.Build.0 = Debug|x86
		{EE69399D-CE58-4170-8B25-44BA4236AD72}.Release|x86.ActiveCfg = Release|x86
		{EE69399D-CE58-4170-8B25-44BA4236AD72}.Release|x86.Build.0 = Release|x86
	EndGlobalSection
EndGlobal
