
Microsoft Visual Studio Solution File, Format Version 12.00
# Visual Studio 2012
Project("{FAE04EC0-301F-11D3-BF4B-00C04F79EFBC}") = "GameProject", "GameProject\GameProject.csproj", "{8DA9C73C-DE34-4744-A8E5-9A131C7F7404}"
EndProject
Global
	GlobalSection(SolutionConfigurationPlatforms) = preSolution
		Debug|x86 = Debug|x86
		Release|x86 = Release|x86
	EndGlobalSection
	GlobalSection(ProjectConfigurationPlatforms) = postSolution
		{8DA9C73C-DE34-4744-A8E5-9A131C7F7404}.Debug|x86.ActiveCfg = Debug|x86
		{8DA9C73C-DE34-4744-A8E5-9A131C7F7404}.Debug|x86.Build.0 = Debug|x86
		{8DA9C73C-DE34-4744-A8E5-9A131C7F7404}.Release|x86.ActiveCfg = Release|x86
		{8DA9C73C-DE34-4744-A8E5-9A131C7F7404}.Release|x86.Build.0 = Release|x86
	EndGlobalSection
EndGlobal
