
Microsoft Visual Studio Solution File, Format Version 12.00
# Visual Studio 2012
Project("{FAE04EC0-301F-11D3-BF4B-00C04F79EFBC}") = "ProgrammingAssignment4", "ProgrammingAssignment4\ProgrammingAssignment4.csproj", "{284E08F3-8B30-4DC4-AB2F-C9452E637958}"
EndProject
Global
	GlobalSection(SolutionConfigurationPlatforms) = preSolution
		Debug|x86 = Debug|x86
		Release|x86 = Release|x86
	EndGlobalSection
	GlobalSection(ProjectConfigurationPlatforms) = postSolution
		{284E08F3-8B30-4DC4-AB2F-C9452E637958}.Debug|x86.ActiveCfg = Debug|x86
		{284E08F3-8B30-4DC4-AB2F-C9452E637958}.Debug|x86.Build.0 = Debug|x86
		{284E08F3-8B30-4DC4-AB2F-C9452E637958}.Release|x86.ActiveCfg = Release|x86
		{284E08F3-8B30-4DC4-AB2F-C9452E637958}.Release|x86.Build.0 = Release|x86
	EndGlobalSection
EndGlobal
